
Microsoft Visual Studio Solution File, Format Version 12.00
# Visual Studio Version 17
VisualStudioVersion = 17.9.34723.18
MinimumVisualStudioVersion = 10.0.40219.1
Project("{9A19103F-16F7-4668-BE54-9A1E7A4F7556}") = "ConsoleApp1", "ConsoleApp1\ConsoleApp1.csproj", "{A61AA673-FCF0-4ACB-BC66-BB6E52B74D47}"
EndProject
Project("{2150E333-8FDC-42A3-9474-1A3956D46DE8}") = "materials", "materials", "{31E02850-956B-4383-8AB7-C0C91C7523AF}"
	ProjectSection(SolutionItems) = preProject
		..\..\..\Downloads\Практическое задание для кандидата.xlsx = ..\..\..\Downloads\Практическое задание для кандидата.xlsx
	EndProjectSection
EndProject
Global
	GlobalSection(SolutionConfigurationPlatforms) = preSolution
		Debug|Any CPU = Debug|Any CPU
		Release|Any CPU = Release|Any CPU
	EndGlobalSection
	GlobalSection(ProjectConfigurationPlatforms) = postSolution
		{A61AA673-FCF0-4ACB-BC66-BB6E52B74D47}.Debug|Any CPU.ActiveCfg = Debug|Any CPU
		{A61AA673-FCF0-4ACB-BC66-BB6E52B74D47}.Debug|Any CPU.Build.0 = Debug|Any CPU
		{A61AA673-FCF0-4ACB-BC66-BB6E52B74D47}.Release|Any CPU.ActiveCfg = Release|Any CPU
		{A61AA673-FCF0-4ACB-BC66-BB6E52B74D47}.Release|Any CPU.Build.0 = Release|Any CPU
	EndGlobalSection
	GlobalSection(SolutionProperties) = preSolution
		HideSolutionNode = FALSE
	EndGlobalSection
	GlobalSection(ExtensibilityGlobals) = postSolution
		SolutionGuid = {DE3D4BA2-1B12-44E1-9E6A-E76F32902B4D}
	EndGlobalSection
EndGlobal
